
Microsoft Visual Studio Solution File, Format Version 12.00
# Visual Studio 15
VisualStudioVersion = 15.0.28307.329
MinimumVisualStudioVersion = 10.0.40219.1
Project("{FAE04EC0-301F-11D3-BF4B-00C04F79EFBC}") = "BeautySalon", "BeautySalon\BeautySalon.csproj", "{81145ADD-2133-45DB-A925-7460E060E783}"
EndProject
Project("{FAE04EC0-301F-11D3-BF4B-00C04F79EFBC}") = "Contracts", "Contracts\Contracts.csproj", "{C6148B83-263A-44B5-A1E2-8765F80C084C}"
EndProject
Project("{FAE04EC0-301F-11D3-BF4B-00C04F79EFBC}") = "LoggerService", "LoggerService\LoggerService.csproj", "{A8A28283-E02C-4EEA-9BB1-ECD2335E09DB}"
EndProject
Project("{FAE04EC0-301F-11D3-BF4B-00C04F79EFBC}") = "Entities", "Entities\Entities.csproj", "{C1DC4A09-AAB0-4F82-B91E-8AB949918DEB}"
EndProject
Project("{FAE04EC0-301F-11D3-BF4B-00C04F79EFBC}") = "Repository", "Repository\Repository.csproj", "{1BC8CB9A-0902-4FE9-A211-80822BC45F49}"
EndProject
Global
	GlobalSection(SolutionConfigurationPlatforms) = preSolution
		Debug|Any CPU = Debug|Any CPU
		Release|Any CPU = Release|Any CPU
	EndGlobalSection
	GlobalSection(ProjectConfigurationPlatforms) = postSolution
		{81145ADD-2133-45DB-A925-7460E060E783}.Debug|Any CPU.ActiveCfg = Debug|Any CPU
		{81145ADD-2133-45DB-A925-7460E060E783}.Debug|Any CPU.Build.0 = Debug|Any CPU
		{81145ADD-2133-45DB-A925-7460E060E783}.Release|Any CPU.ActiveCfg = Release|Any CPU
		{81145ADD-2133-45DB-A925-7460E060E783}.Release|Any CPU.Build.0 = Release|Any CPU
		{C6148B83-263A-44B5-A1E2-8765F80C084C}.Debug|Any CPU.ActiveCfg = Debug|Any CPU
		{C6148B83-263A-44B5-A1E2-8765F80C084C}.Debug|Any CPU.Build.0 = Debug|Any CPU
		{C6148B83-263A-44B5-A1E2-8765F80C084C}.Release|Any CPU.ActiveCfg = Release|Any CPU
		{C6148B83-263A-44B5-A1E2-8765F80C084C}.Release|Any CPU.Build.0 = Release|Any CPU
		{A8A28283-E02C-4EEA-9BB1-ECD2335E09DB}.Debug|Any CPU.ActiveCfg = Debug|Any CPU
		{A8A28283-E02C-4EEA-9BB1-ECD2335E09DB}.Debug|Any CPU.Build.0 = Debug|Any CPU
		{A8A28283-E02C-4EEA-9BB1-ECD2335E09DB}.Release|Any CPU.ActiveCfg = Release|Any CPU
		{A8A28283-E02C-4EEA-9BB1-ECD2335E09DB}.Release|Any CPU.Build.0 = Release|Any CPU
		{C1DC4A09-AAB0-4F82-B91E-8AB949918DEB}.Debug|Any CPU.ActiveCfg = Debug|Any CPU
		{C1DC4A09-AAB0-4F82-B91E-8AB949918DEB}.Debug|Any CPU.Build.0 = Debug|Any CPU
		{C1DC4A09-AAB0-4F82-B91E-8AB949918DEB}.Release|Any CPU.ActiveCfg = Release|Any CPU
		{C1DC4A09-AAB0-4F82-B91E-8AB949918DEB}.Release|Any CPU.Build.0 = Release|Any CPU
		{1BC8CB9A-0902-4FE9-A211-80822BC45F49}.Debug|Any CPU.ActiveCfg = Debug|Any CPU
		{1BC8CB9A-0902-4FE9-A211-80822BC45F49}.Debug|Any CPU.Build.0 = Debug|Any CPU
		{1BC8CB9A-0902-4FE9-A211-80822BC45F49}.Release|Any CPU.ActiveCfg = Release|Any CPU
		{1BC8CB9A-0902-4FE9-A211-80822BC45F49}.Release|Any CPU.Build.0 = Release|Any CPU
	EndGlobalSection
	GlobalSection(SolutionProperties) = preSolution
		HideSolutionNode = FALSE
	EndGlobalSection
	GlobalSection(ExtensibilityGlobals) = postSolution
		SolutionGuid = {DDC26252-123D-47B3-8484-F669764CA7C9}
	EndGlobalSection
EndGlobal
